
Microsoft Visual Studio Solution File, Format Version 12.00
# Visual Studio Version 17
VisualStudioVersion = 17.5.33627.172
MinimumVisualStudioVersion = 10.0.40219.1
Project("{9A19103F-16F7-4668-BE54-9A1E7A4F7556}") = "GoWorkPro.ExcelBuilder", "Samer.ExcelBuilder\GoWorkPro.ExcelBuilder.csproj", "{FD06D736-C45E-4A77-B318-EA7B61DF7810}"
EndProject
Project("{9A19103F-16F7-4668-BE54-9A1E7A4F7556}") = "ConsoleApp1", "ConsoleApp1\ConsoleApp1.csproj", "{CCFCBC93-1478-43F9-9146-831C582FC2BD}"
EndProject
Global
	GlobalSection(SolutionConfigurationPlatforms) = preSolution
		Debug|Any CPU = Debug|Any CPU
		Release|Any CPU = Release|Any CPU
	EndGlobalSection
	GlobalSection(ProjectConfigurationPlatforms) = postSolution
		{FD06D736-C45E-4A77-B318-EA7B61DF7810}.Debug|Any CPU.ActiveCfg = Debug|Any CPU
		{FD06D736-C45E-4A77-B318-EA7B61DF7810}.Debug|Any CPU.Build.0 = Debug|Any CPU
		{FD06D736-C45E-4A77-B318-EA7B61DF7810}.Release|Any CPU.ActiveCfg = Release|Any CPU
		{FD06D736-C45E-4A77-B318-EA7B61DF7810}.Release|Any CPU.Build.0 = Release|Any CPU
		{CCFCBC93-1478-43F9-9146-831C582FC2BD}.Debug|Any CPU.ActiveCfg = Debug|Any CPU
		{CCFCBC93-1478-43F9-9146-831C582FC2BD}.Debug|Any CPU.Build.0 = Debug|Any CPU
		{CCFCBC93-1478-43F9-9146-831C582FC2BD}.Release|Any CPU.ActiveCfg = Release|Any CPU
		{CCFCBC93-1478-43F9-9146-831C582FC2BD}.Release|Any CPU.Build.0 = Release|Any CPU
	EndGlobalSection
	GlobalSection(SolutionProperties) = preSolution
		HideSolutionNode = FALSE
	EndGlobalSection
	GlobalSection(ExtensibilityGlobals) = postSolution
		SolutionGuid = {9DE0042D-4969-4026-BA08-E88FC111390C}
	EndGlobalSection
EndGlobal
